<?xml version="1.0" encoding="utf-8"?>
<Project ToolsVersion="4.0" xmlns="http://schemas.microsoft.com/developer/msbuild/2003">
  <ItemGroup>
    <Filter Include="Файлы ресурсов">
      <UniqueIdentifier>{67DA6AB6-F800-4c08-8B7A-83BB121AAD01}</UniqueIdentifier>
      <Extensions>rc;ico;cur;bmp;dlg;rc2;rct;bin;rgs;gif;jpg;jpeg;jpe;resx;tiff;tif;png;wav;mfcribbon-ms</Extensions>
    </Filter>
    <Filter Include="GameEngine">
      <UniqueIdentifier>{c61e4d0c-bf4b-4dfe-82ef-4e96c567cdf6}</UniqueIdentifier>
    </Filter>
    <Filter Include="GameApp">
      <UniqueIdentifier>{2efdad56-cf36-48d8-b473-4a7f30c8e6fa}</UniqueIdentifier>
    </Filter>
    <Filter Include="GameEngine\TileMap">
      <UniqueIdentifier>{fce952d0-3253-4f6f-8a17-8470498ae231}</UniqueIdentifier>
    </Filter>
    <Filter Include="GameEngine\editor">
      <UniqueIdentifier>{db103e38-abf9-45f0-8533-ed3d59523317}</UniqueIdentifier>
    </Filter>
  </ItemGroup>
  <ItemGroup>
    <ClCompile Include="GameApp.cpp">
      <Filter>GameApp</Filter>
    </ClCompile>
    <ClCompile Include="GameEngine.cpp">
      <Filter>GameEngine</Filter>
    </ClCompile>
    <ClCompile Include="main.cpp">
      <Filter>Файлы ресурсов</Filter>
    </ClCompile>
    <ClCompile Include="Tile.cpp">
      <Filter>GameEngine\TileMap</Filter>
    </ClCompile>
    <ClCompile Include="TileMap.cpp">
      <Filter>GameEngine\TileMap</Filter>
    </ClCompile>
    <ClCompile Include="includer.cpp">
      <Filter>Файлы ресурсов</Filter>
    </ClCompile>
    <ClCompile Include="MapEditor.cpp">
      <Filter>GameEngine\editor</Filter>
    </ClCompile>
  </ItemGroup>
  <ItemGroup>
    <ClInclude Include="GameEngine.h">
      <Filter>GameEngine</Filter>
    </ClInclude>
    <ClInclude Include="GameApp.h">
      <Filter>GameApp</Filter>
    </ClInclude>
    <ClInclude Include="Tile.h">
      <Filter>GameEngine\TileMap</Filter>
    </ClInclude>
    <ClInclude Include="TileMap.h">
      <Filter>GameEngine\TileMap</Filter>
    </ClInclude>
    <ClInclude Include="includer.h">
      <Filter>Файлы ресурсов</Filter>
    </ClInclude>
    <ClInclude Include="MapEditor.h">
      <Filter>GameEngine\editor</Filter>
    </ClInclude>
  </ItemGroup>
</Project>